// !$*UTF8*$!
{
	archiveVersion = 1;
	classes = {
	};
	objectVersion = 46;
	objects = {

/* Begin PBXBuildFile section */
		__src_cc_ref_Sources/KeyboardAvoiding.swift /* KeyboardAvoiding.swift in Sources */ = {isa = PBXBuildFile; fileRef = __PBXFileRef_Sources/KeyboardAvoiding.swift /* KeyboardAvoiding.swift */; };
		__src_cc_ref_Sources/KeyboardDismissingView.swift /* KeyboardDismissingView.swift in Sources */ = {isa = PBXBuildFile; fileRef = __PBXFileRef_Sources/KeyboardDismissingView.swift /* KeyboardDismissingView.swift */; };
/* End PBXBuildFile section */

/* Begin PBXFileReference section */
		__PBXFileRef_IHKeyboardAvoiding.xcodeproj/Configs/Project.xcconfig /* IHKeyboardAvoiding.xcodeproj/Configs/Project.xcconfig */ = {isa = PBXFileReference; lastKnownFileType = text.xcconfig; path = IHKeyboardAvoiding.xcodeproj/Configs/Project.xcconfig; sourceTree = "<group>"; };
		__PBXFileRef_Package.swift /* Package.swift */ = {isa = PBXFileReference; lastKnownFileType = sourcecode.swift; path = Package.swift; sourceTree = "<group>"; };
		__PBXFileRef_Sources/KeyboardAvoiding.swift /* KeyboardAvoiding.swift */ = {isa = PBXFileReference; lastKnownFileType = sourcecode.swift; path = KeyboardAvoiding.swift; sourceTree = "<group>"; };
		__PBXFileRef_Sources/KeyboardDismissingView.swift /* KeyboardDismissingView.swift */ = {isa = PBXFileReference; lastKnownFileType = sourcecode.swift; path = KeyboardDismissingView.swift; sourceTree = "<group>"; };
		"_____Product_IHKeyboardAvoiding" /* IHKeyboardAvoiding.framework */ = {isa = PBXFileReference; explicitFileType = wrapper.framework; path = IHKeyboardAvoiding.framework; sourceTree = BUILT_PRODUCTS_DIR; };
/* End PBXFileReference section */

/* Begin PBXFrameworksBuildPhase section */
		"___LinkPhase_IHKeyboardAvoiding" /* Frameworks */ = {
			isa = PBXFrameworksBuildPhase;
			buildActionMask = 0;
			files = (
			);
			runOnlyForDeploymentPostprocessing = 0;
		};
/* End PBXFrameworksBuildPhase section */

/* Begin PBXGroup section */
		"___RootGroup_" = {
			isa = PBXGroup;
			children = (
				__PBXFileRef_Package.swift /* Package.swift */,
				"_____Configs_" /* Configs */,
				"_____Sources_" /* Sources */,
				"____Products_" /* Products */,
			);
			sourceTree = "<group>";
		};
		"____Products_" /* Products */ = {
			isa = PBXGroup;
			children = (
				"_____Product_IHKeyboardAvoiding" /* IHKeyboardAvoiding.framework */,
			);
			name = Products;
			sourceTree = "<group>";
		};
		"_____Configs_" /* Configs */ = {
			isa = PBXGroup;
			children = (
				__PBXFileRef_IHKeyboardAvoiding.xcodeproj/Configs/Project.xcconfig /* IHKeyboardAvoiding.xcodeproj/Configs/Project.xcconfig */,
			);
			name = Configs;
			sourceTree = "<group>";
		};
		"_____Sources_" /* Sources */ = {
			isa = PBXGroup;
			children = (
				"_______Group_IHKeyboardAvoiding" /* IHKeyboardAvoiding */,
			);
			name = Sources;
			sourceTree = "<group>";
		};
		"_______Group_IHKeyboardAvoiding" /* IHKeyboardAvoiding */ = {
			isa = PBXGroup;
			children = (
				__PBXFileRef_Sources/KeyboardAvoiding.swift /* KeyboardAvoiding.swift */,
				__PBXFileRef_Sources/KeyboardDismissingView.swift /* KeyboardDismissingView.swift */,
			);
			name = IHKeyboardAvoiding;
			path = Sources;
			sourceTree = "<group>";
		};
/* End PBXGroup section */

/* Begin PBXNativeTarget section */
		"______Target_IHKeyboardAvoiding" /* IHKeyboardAvoiding */ = {
			isa = PBXNativeTarget;
			buildConfigurationList = "_______Confs_IHKeyboardAvoiding" /* Build configuration list for PBXNativeTarget "IHKeyboardAvoiding" */;
			buildPhases = (
				CompilePhase_IHKeyboardAvoiding /* Sources */,
				"___LinkPhase_IHKeyboardAvoiding" /* Frameworks */,
			);
			buildRules = (
			);
			dependencies = (
			);
			name = IHKeyboardAvoiding;
			productName = IHKeyboardAvoiding;
			productReference = "_____Product_IHKeyboardAvoiding" /* IHKeyboardAvoiding.framework */;
			productType = "com.apple.product-type.framework";
		};
/* End PBXNativeTarget section */

/* Begin PBXProject section */
		__RootObject_ /* Project object */ = {
			isa = PBXProject;
			attributes = {
				LastUpgradeCheck = 9999;
			};
			buildConfigurationList = "___RootConfs_" /* Build configuration list for PBXProject "IHKeyboardAvoiding" */;
			compatibilityVersion = "Xcode 3.2";
			developmentRegion = English;
			hasScannedForEncodings = 0;
			knownRegions = (
				en,
			);
			mainGroup = "___RootGroup_";
			productRefGroup = "____Products_" /* Products */;
			projectDirPath = "";
			projectRoot = "";
			targets = (
				"______Target_IHKeyboardAvoiding" /* IHKeyboardAvoiding */,
			);
		};
/* End PBXProject section */

/* Begin PBXSourcesBuildPhase section */
		CompilePhase_IHKeyboardAvoiding /* Sources */ = {
			isa = PBXSourcesBuildPhase;
			buildActionMask = 0;
			files = (
				__src_cc_ref_Sources/KeyboardAvoiding.swift /* KeyboardAvoiding.swift in Sources */,
				__src_cc_ref_Sources/KeyboardDismissingView.swift /* KeyboardDismissingView.swift in Sources */,
			);
			runOnlyForDeploymentPostprocessing = 0;
		};
/* End PBXSourcesBuildPhase section */

/* Begin XCBuildConfiguration section */
		_ReleaseConf_IHKeyboardAvoiding /* Release */ = {
			isa = XCBuildConfiguration;
			buildSettings = {
				ENABLE_TESTABILITY = YES;
				FRAMEWORK_SEARCH_PATHS = "$(PLATFORM_DIR)/Developer/Library/Frameworks";
				INFOPLIST_FILE = IHKeyboardAvoiding.xcodeproj/IHKeyboardAvoiding_Info.plist;
				LD_RUNPATH_SEARCH_PATHS = "$(TOOLCHAIN_DIR)/usr/lib/swift/macosx";
				OTHER_LDFLAGS = "$(inherited)";
				OTHER_SWIFT_FLAGS = "$(inherited)";
				PRODUCT_BUNDLE_IDENTIFIER = IHKeyboardAvoiding;
				PRODUCT_MODULE_NAME = "$(TARGET_NAME:c99extidentifier)";
				PRODUCT_NAME = "$(TARGET_NAME:c99extidentifier)";
				SWIFT_VERSION = 3.0;
			};
			name = Release;
		};
		"___DebugConf_IHKeyboardAvoiding" /* Debug */ = {
			isa = XCBuildConfiguration;
			buildSettings = {
				ENABLE_TESTABILITY = YES;
				FRAMEWORK_SEARCH_PATHS = "$(PLATFORM_DIR)/Developer/Library/Frameworks";
				INFOPLIST_FILE = IHKeyboardAvoiding.xcodeproj/IHKeyboardAvoiding_Info.plist;
				LD_RUNPATH_SEARCH_PATHS = "$(TOOLCHAIN_DIR)/usr/lib/swift/macosx";
				OTHER_LDFLAGS = "$(inherited)";
				OTHER_SWIFT_FLAGS = "$(inherited)";
				PRODUCT_BUNDLE_IDENTIFIER = IHKeyboardAvoiding;
				PRODUCT_MODULE_NAME = "$(TARGET_NAME:c99extidentifier)";
				PRODUCT_NAME = "$(TARGET_NAME:c99extidentifier)";
				SWIFT_OPTIMIZATION_LEVEL = "-Onone";
				SWIFT_VERSION = 3.0;
			};
			name = Debug;
		};
		"_____Release_" /* Release */ = {
			isa = XCBuildConfiguration;
			baseConfigurationReference = __PBXFileRef_IHKeyboardAvoiding.xcodeproj/Configs/Project.xcconfig /* IHKeyboardAvoiding.xcodeproj/Configs/Project.xcconfig */;
			buildSettings = {
				SUPPORTED_PLATFORMS = "iphonesimulator iphoneos";
			};
			name = Release;
		};
		"_______Debug_" /* Debug */ = {
			isa = XCBuildConfiguration;
			baseConfigurationReference = __PBXFileRef_IHKeyboardAvoiding.xcodeproj/Configs/Project.xcconfig /* IHKeyboardAvoiding.xcodeproj/Configs/Project.xcconfig */;
			buildSettings = {
				SUPPORTED_PLATFORMS = "iphonesimulator iphoneos";
			};
			name = Debug;
		};
/* End XCBuildConfiguration section */

/* Begin XCConfigurationList section */
		"___RootConfs_" /* Build configuration list for PBXProject "IHKeyboardAvoiding" */ = {
			isa = XCConfigurationList;
			buildConfigurations = (
				"_______Debug_" /* Debug */,
				"_____Release_" /* Release */,
			);
			defaultConfigurationIsVisible = 0;
			defaultConfigurationName = Debug;
		};
		"_______Confs_IHKeyboardAvoiding" /* Build configuration list for PBXNativeTarget "IHKeyboardAvoiding" */ = {
			isa = XCConfigurationList;
			buildConfigurations = (
				"___DebugConf_IHKeyboardAvoiding" /* Debug */,
				_ReleaseConf_IHKeyboardAvoiding /* Release */,
			);
			defaultConfigurationIsVisible = 0;
			defaultConfigurationName = Debug;
		};
/* End XCConfigurationList section */
	};
	rootObject = __RootObject_ /* Project object */;
}
